
Microsoft Visual Studio Solution File, Format Version 12.00
# Visual Studio Version 17
VisualStudioVersion = 17.3.32819.101
MinimumVisualStudioVersion = 10.0.40219.1
Project("{9A19103F-16F7-4668-BE54-9A1E7A4F7556}") = "Entidades", "Entidades\Entidades.csproj", "{EC97B56D-4FDB-40CD-B897-C7C867E13175}"
EndProject
Project("{FAE04EC0-301F-11D3-BF4B-00C04F79EFBC}") = "Interfaz", "Interfaz\Interfaz.csproj", "{CA296DFE-46CD-471E-863B-08D65D70FB8D}"
EndProject
Global
	GlobalSection(SolutionConfigurationPlatforms) = preSolution
		Debug|Any CPU = Debug|Any CPU
		Release|Any CPU = Release|Any CPU
	EndGlobalSection
	GlobalSection(ProjectConfigurationPlatforms) = postSolution
		{EC97B56D-4FDB-40CD-B897-C7C867E13175}.Debug|Any CPU.ActiveCfg = Debug|Any CPU
		{EC97B56D-4FDB-40CD-B897-C7C867E13175}.Debug|Any CPU.Build.0 = Debug|Any CPU
		{EC97B56D-4FDB-40CD-B897-C7C867E13175}.Release|Any CPU.ActiveCfg = Release|Any CPU
		{EC97B56D-4FDB-40CD-B897-C7C867E13175}.Release|Any CPU.Build.0 = Release|Any CPU
		{CA296DFE-46CD-471E-863B-08D65D70FB8D}.Debug|Any CPU.ActiveCfg = Debug|Any CPU
		{CA296DFE-46CD-471E-863B-08D65D70FB8D}.Debug|Any CPU.Build.0 = Debug|Any CPU
		{CA296DFE-46CD-471E-863B-08D65D70FB8D}.Release|Any CPU.ActiveCfg = Release|Any CPU
		{CA296DFE-46CD-471E-863B-08D65D70FB8D}.Release|Any CPU.Build.0 = Release|Any CPU
	EndGlobalSection
	GlobalSection(SolutionProperties) = preSolution
		HideSolutionNode = FALSE
	EndGlobalSection
	GlobalSection(ExtensibilityGlobals) = postSolution
		SolutionGuid = {2E418331-434E-447F-AA83-58277BACD2B8}
	EndGlobalSection
EndGlobal
